
Microsoft Visual Studio Solution File, Format Version 12.00
# Visual Studio Version 17
VisualStudioVersion = 17.3.32929.385
MinimumVisualStudioVersion = 10.0.40219.1
Project("{FAE04EC0-301F-11D3-BF4B-00C04F79EFBC}") = "StackAndQueue", "StackAndQueue.csproj", "{AE58C6F9-7EAE-4C1F-ABDD-1EB2A4C9C4F2}"
EndProject
Global
	GlobalSection(SolutionConfigurationPlatforms) = preSolution
		Debug|Any CPU = Debug|Any CPU
		Release|Any CPU = Release|Any CPU
	EndGlobalSection
	GlobalSection(ProjectConfigurationPlatforms) = postSolution
		{AE58C6F9-7EAE-4C1F-ABDD-1EB2A4C9C4F2}.Debug|Any CPU.ActiveCfg = Debug|Any CPU
		{AE58C6F9-7EAE-4C1F-ABDD-1EB2A4C9C4F2}.Debug|Any CPU.Build.0 = Debug|Any CPU
		{AE58C6F9-7EAE-4C1F-ABDD-1EB2A4C9C4F2}.Release|Any CPU.ActiveCfg = Release|Any CPU
		{AE58C6F9-7EAE-4C1F-ABDD-1EB2A4C9C4F2}.Release|Any CPU.Build.0 = Release|Any CPU
	EndGlobalSection
	GlobalSection(SolutionProperties) = preSolution
		HideSolutionNode = FALSE
	EndGlobalSection
	GlobalSection(ExtensibilityGlobals) = postSolution
		SolutionGuid = {92D8EE90-A41D-469D-BAF8-42E82E21BBF2}
	EndGlobalSection
EndGlobal
